
Microsoft Visual Studio Solution File, Format Version 12.00
# Visual Studio Version 16
VisualStudioVersion = 16.0.32510.428
MinimumVisualStudioVersion = 10.0.40219.1
Project("{8BC9CEB8-8B4A-11D0-8D11-00A0C91BC942}") = "PugMod", "PugMod\PugMod.vcxproj", "{8EF9FA4E-09F8-4404-9319-742E194DF024}"
EndProject
Global
	GlobalSection(SolutionConfigurationPlatforms) = preSolution
		Debug|Win32 = Debug|Win32
		Release|Win32 = Release|Win32
	EndGlobalSection
	GlobalSection(ProjectConfigurationPlatforms) = postSolution
		{8EF9FA4E-09F8-4404-9319-742E194DF024}.Debug|Win32.ActiveCfg = Debug|Win32
		{8EF9FA4E-09F8-4404-9319-742E194DF024}.Debug|Win32.Build.0 = Debug|Win32
		{8EF9FA4E-09F8-4404-9319-742E194DF024}.Release|Win32.ActiveCfg = Release|Win32
		{8EF9FA4E-09F8-4404-9319-742E194DF024}.Release|Win32.Build.0 = Release|Win32
	EndGlobalSection
	GlobalSection(SolutionProperties) = preSolution
		HideSolutionNode = FALSE
	EndGlobalSection
	GlobalSection(ExtensibilityGlobals) = postSolution
		SolutionGuid = {B24EE1B9-81CC-4C59-9BF7-8D5EA54F4862}
	EndGlobalSection
EndGlobal
